# This file is automatically @generated by Wally.
# It is not intended for manual editing.
registry = "test"

[[package]]
name = "7kayoh/lydie"
version = "1.0.0"
dependencies = [["Fusion", "plainsour/lemon@0.3.0-dev.5.8"]]

[[package]]
name = "plainsour/lemon"
version = "0.3.0-dev.5.8"
dependencies = []
